{
  "name": "@code-robot-cli/exec",
  "version": "1.0.1",
  "lockfileVersion": 1,
  "requires": true,
  "dependencies": {
    "@code-robot-cli/log": {
      "version": "file:../../utils/log"
    },
    "@code-robot-cli/package": {
      "version": "file:../../models/package"
    },
    "@code-robot-cli/utils": {
      "version": "file:../../utils/utils"
    }
  }
}
